
Microsoft Visual Studio Solution File, Format Version 12.00
# Visual Studio 15
VisualStudioVersion = 15.0.26730.12
MinimumVisualStudioVersion = 10.0.40219.1
Project("{2150E333-8FDC-42A3-9474-1A3956D46DE8}") = "src", "src", "{40430952-21DC-4558-BD6B-3BF918F34146}"
EndProject
Project("{2150E333-8FDC-42A3-9474-1A3956D46DE8}") = "Solution Items", "Solution Items", "{521D815F-535E-427A-AEAD-139AECAA5EE6}"
	ProjectSection(SolutionItems) = preProject
		.gitignore = .gitignore
	EndProjectSection
EndProject
Project("{2150E333-8FDC-42A3-9474-1A3956D46DE8}") = "test", "test", "{9B69FBDE-0DC3-4076-ABF5-DF53B80397C1}"
EndProject
Project("{2150E333-8FDC-42A3-9474-1A3956D46DE8}") = "scripts", "scripts", "{9F38A174-5C9D-4F5A-A006-25E9B732955D}"
	ProjectSection(SolutionItems) = preProject
		scripts\addmigration.cmd = scripts\addmigration.cmd
		scripts\recreatedb.cmd = scripts\recreatedb.cmd
	EndProjectSection
EndProject
Project("{9A19103F-16F7-4668-BE54-9A1E7A4F7556}") = "BeaverLeague.Web", "src\BeaverLeague.Web\BeaverLeague.Web.csproj", "{D84B382D-8239-40DA-9981-A90873BBC612}"
EndProject
Project("{9A19103F-16F7-4668-BE54-9A1E7A4F7556}") = "BeaverLeague.Core", "src\BeaverLeague.Core\BeaverLeague.Core.csproj", "{E3D08D1A-3274-4B76-A449-5726B45663F5}"
EndProject
Project("{9A19103F-16F7-4668-BE54-9A1E7A4F7556}") = "BeaverLeague.Data", "src\BeaverLeague.Data\BeaverLeague.Data.csproj", "{B5CE25C9-BDA3-4786-8173-9842EAF1B7A7}"
EndProject
Project("{9A19103F-16F7-4668-BE54-9A1E7A4F7556}") = "BeaverLeague.Tests", "test\BeaverLeague.Tests\BeaverLeague.Tests.csproj", "{CE701577-E42F-41F0-BE79-DC67360DCC85}"
EndProject
Global
	GlobalSection(SolutionConfigurationPlatforms) = preSolution
		Debug|Any CPU = Debug|Any CPU
		Release|Any CPU = Release|Any CPU
	EndGlobalSection
	GlobalSection(ProjectConfigurationPlatforms) = postSolution
		{D84B382D-8239-40DA-9981-A90873BBC612}.Debug|Any CPU.ActiveCfg = Debug|Any CPU
		{D84B382D-8239-40DA-9981-A90873BBC612}.Debug|Any CPU.Build.0 = Debug|Any CPU
		{D84B382D-8239-40DA-9981-A90873BBC612}.Release|Any CPU.ActiveCfg = Release|Any CPU
		{D84B382D-8239-40DA-9981-A90873BBC612}.Release|Any CPU.Build.0 = Release|Any CPU
		{E3D08D1A-3274-4B76-A449-5726B45663F5}.Debug|Any CPU.ActiveCfg = Debug|Any CPU
		{E3D08D1A-3274-4B76-A449-5726B45663F5}.Debug|Any CPU.Build.0 = Debug|Any CPU
		{E3D08D1A-3274-4B76-A449-5726B45663F5}.Release|Any CPU.ActiveCfg = Release|Any CPU
		{E3D08D1A-3274-4B76-A449-5726B45663F5}.Release|Any CPU.Build.0 = Release|Any CPU
		{B5CE25C9-BDA3-4786-8173-9842EAF1B7A7}.Debug|Any CPU.ActiveCfg = Debug|Any CPU
		{B5CE25C9-BDA3-4786-8173-9842EAF1B7A7}.Debug|Any CPU.Build.0 = Debug|Any CPU
		{B5CE25C9-BDA3-4786-8173-9842EAF1B7A7}.Release|Any CPU.ActiveCfg = Release|Any CPU
		{B5CE25C9-BDA3-4786-8173-9842EAF1B7A7}.Release|Any CPU.Build.0 = Release|Any CPU
		{CE701577-E42F-41F0-BE79-DC67360DCC85}.Debug|Any CPU.ActiveCfg = Debug|Any CPU
		{CE701577-E42F-41F0-BE79-DC67360DCC85}.Debug|Any CPU.Build.0 = Debug|Any CPU
		{CE701577-E42F-41F0-BE79-DC67360DCC85}.Release|Any CPU.ActiveCfg = Release|Any CPU
		{CE701577-E42F-41F0-BE79-DC67360DCC85}.Release|Any CPU.Build.0 = Release|Any CPU
	EndGlobalSection
	GlobalSection(SolutionProperties) = preSolution
		HideSolutionNode = FALSE
	EndGlobalSection
	GlobalSection(NestedProjects) = preSolution
		{D84B382D-8239-40DA-9981-A90873BBC612} = {40430952-21DC-4558-BD6B-3BF918F34146}
		{E3D08D1A-3274-4B76-A449-5726B45663F5} = {40430952-21DC-4558-BD6B-3BF918F34146}
		{B5CE25C9-BDA3-4786-8173-9842EAF1B7A7} = {40430952-21DC-4558-BD6B-3BF918F34146}
		{CE701577-E42F-41F0-BE79-DC67360DCC85} = {9B69FBDE-0DC3-4076-ABF5-DF53B80397C1}
	EndGlobalSection
	GlobalSection(ExtensibilityGlobals) = postSolution
		SolutionGuid = {61999EDB-7A8C-4A37-9093-776CC60DF488}
	EndGlobalSection
EndGlobal
